
Microsoft Visual Studio Solution File, Format Version 12.00
# Visual Studio Version 16
VisualStudioVersion = 16.0.31424.327
MinimumVisualStudioVersion = 10.0.40219.1
Project("{9A19103F-16F7-4668-BE54-9A1E7A4F7556}") = "Samples.Decorator", "Samples.Decorator\Samples.Decorator.csproj", "{B9DA8F33-68ED-4EED-8DDA-562ACC07E89F}"
EndProject
Project("{9A19103F-16F7-4668-BE54-9A1E7A4F7556}") = "Samples.Ui", "Samples.Ui\Samples.Ui.csproj", "{565E6723-C382-45CE-8EB8-34871EC5E833}"
EndProject
Project("{9A19103F-16F7-4668-BE54-9A1E7A4F7556}") = "Samples.Shared", "Samples.Shared\Samples.Shared.csproj", "{F6C5A279-FCD1-4B31-ABCD-BB55483B6012}"
EndProject
Global
	GlobalSection(SolutionConfigurationPlatforms) = preSolution
		Debug|Any CPU = Debug|Any CPU
		Release|Any CPU = Release|Any CPU
	EndGlobalSection
	GlobalSection(ProjectConfigurationPlatforms) = postSolution
		{B9DA8F33-68ED-4EED-8DDA-562ACC07E89F}.Debug|Any CPU.ActiveCfg = Debug|Any CPU
		{B9DA8F33-68ED-4EED-8DDA-562ACC07E89F}.Debug|Any CPU.Build.0 = Debug|Any CPU
		{B9DA8F33-68ED-4EED-8DDA-562ACC07E89F}.Release|Any CPU.ActiveCfg = Release|Any CPU
		{B9DA8F33-68ED-4EED-8DDA-562ACC07E89F}.Release|Any CPU.Build.0 = Release|Any CPU
		{565E6723-C382-45CE-8EB8-34871EC5E833}.Debug|Any CPU.ActiveCfg = Debug|Any CPU
		{565E6723-C382-45CE-8EB8-34871EC5E833}.Debug|Any CPU.Build.0 = Debug|Any CPU
		{565E6723-C382-45CE-8EB8-34871EC5E833}.Release|Any CPU.ActiveCfg = Release|Any CPU
		{565E6723-C382-45CE-8EB8-34871EC5E833}.Release|Any CPU.Build.0 = Release|Any CPU
		{F6C5A279-FCD1-4B31-ABCD-BB55483B6012}.Debug|Any CPU.ActiveCfg = Debug|Any CPU
		{F6C5A279-FCD1-4B31-ABCD-BB55483B6012}.Debug|Any CPU.Build.0 = Debug|Any CPU
		{F6C5A279-FCD1-4B31-ABCD-BB55483B6012}.Release|Any CPU.ActiveCfg = Release|Any CPU
		{F6C5A279-FCD1-4B31-ABCD-BB55483B6012}.Release|Any CPU.Build.0 = Release|Any CPU
	EndGlobalSection
	GlobalSection(SolutionProperties) = preSolution
		HideSolutionNode = FALSE
	EndGlobalSection
	GlobalSection(ExtensibilityGlobals) = postSolution
		SolutionGuid = {CCF3D19D-7CEA-4604-BB26-C73B8D3B797B}
	EndGlobalSection
EndGlobal
